# THIS IS AN AUTOGENERATED FILE. DO NOT EDIT THIS FILE DIRECTLY.
# yarn lockfile v1


prismjs@^1.30.0:
  version "1.30.0"
  resolved "https://registry.npmmirror.com/prismjs/-/prismjs-1.30.0.tgz#d9709969d9d4e16403f6f348c63553b19f0975a9"
  integrity sha512-DEvV2ZF2r2/63V+tK8hQvrR2ZGn10srHbXviTlcv7Kpzw8jWiNTqbVgjO3IY8RxrrOUF8VPMQQFysYYYv0YZxw==

react-simple-code-editor@^0.14.1:
  version "0.14.1"
  resolved "https://registry.npmmirror.com/react-simple-code-editor/-/react-simple-code-editor-0.14.1.tgz#fd37eb3349f5def45900dd46acf296f796d81d2c"
  integrity sha512-BR5DtNRy+AswWJECyA17qhUDvrrCZ6zXOCfkQY5zSmb96BVUbpVAv03WpcjcwtCwiLbIANx3gebHOcXYn1EHow==
