{
  "name": "@humansignal/extract-antd-no-reset",
  "version": "0.0.1",
  "lockfileVersion": 3,
  "requires": true,
  "packages": {
    "": {
      "name": "@humansignal/extract-antd-no-reset",
      "version": "0.0.1",
      "license": "MIT",
      "bin": {
        "extract-antd-no-reset": "extract-antd-no-reset.mjs"
      }
    }
  }
}
